{
  "adrs": {},
  "landmarks": {
    "api-envelope": {
      "file": "crates/grove-api/src/envelope.rs",
      "line": 30,
      "node": "crates/grove-api"
    },
    "apply-is-ungated": {
      "file": "crates/grove/src/commands.rs",
      "line": 329,
      "node": "crates/grove"
    },
    "boot-degrade-sticky": {
      "file": "crates/grove-daemon/src/boot.rs",
      "line": 68,
      "node": "crates/grove-daemon"
    },
    "busy-refuses-destructive": {
      "file": "crates/grove/src/commands.rs",
      "line": 69,
      "node": "crates/grove"
    },
    "cli-health-poll": {
      "file": "crates/grove/src/server.rs",
      "line": 489,
      "node": "crates/grove"
    },
    "clock-seam": {
      "file": "crates/grove-ops/tests/harness_meta.rs",
      "line": 354,
      "node": "crates/grove-ops"
    },
    "delete-before-undeclare": {
      "file": "crates/grove-ops/src/roots.rs",
      "line": 119,
      "node": "crates/grove-ops"
    },
    "doc-gate": {
      "file": "docs/architecture.md",
      "line": 3,
      "node": "docs"
    },
    "files-authoritative": {
      "file": "crates/grove-ops/src/manifest.rs",
      "line": 277,
      "node": "crates/grove-ops"
    },
    "install-hands-off-to-grove-up": {
      "file": "scripts/install.sh",
      "line": 44,
      "node": "scripts"
    },
    "lane-is-callers": {
      "file": "crates/grove-ops/src/env.rs",
      "line": 120,
      "node": "crates/grove-ops"
    },
    "loopback-bind-gate": {
      "file": "crates/grove-daemon/src/config.rs",
      "line": 200,
      "node": "crates/grove-daemon"
    },
    "mutation-guard": {
      "file": "crates/grove-daemon/src/guard.rs",
      "line": 66,
      "node": "crates/grove-daemon"
    },
    "never-clobber": {
      "file": "crates/grove-ops/src/env.rs",
      "line": 250,
      "node": "crates/grove-ops"
    },
    "pending-marker": {
      "file": "crates/grove/src/update/layout.rs",
      "line": 178,
      "node": "crates/grove"
    },
    "per-root-lane": {
      "file": "crates/grove-daemon/src/lane.rs",
      "line": 172,
      "node": "crates/grove-daemon"
    },
    "promote-attach-before-move": {
      "file": "crates/grove-ops/src/pool.rs",
      "line": 159,
      "node": "crates/grove-ops"
    },
    "push-only": {
      "file": "crates/grove-daemon/src/engine/mod.rs",
      "line": 323,
      "node": "crates/grove-daemon"
    },
    "reachability-tri-state": {
      "file": "crates/grove/src/api.rs",
      "line": 129,
      "node": "crates/grove"
    },
    "readiness-whitelist": {
      "file": "crates/grove-daemon/src/guard.rs",
      "line": 21,
      "node": "crates/grove-daemon"
    },
    "reconcile-additive": {
      "file": "crates/grove-ops/src/worktrees.rs",
      "line": 227,
      "node": "crates/grove-ops"
    },
    "self-update-flip": {
      "file": "crates/grove/src/update/mod.rs",
      "line": 245,
      "node": "crates/grove"
    },
    "single-realizer": {
      "file": "crates/grove/src/commands.rs",
      "line": 35,
      "node": "crates/grove"
    },
    "status-is-a-cache": {
      "file": "crates/grove-daemon/src/engine/status.rs",
      "line": 52,
      "node": "crates/grove-daemon"
    },
    "sync-never-forces": {
      "file": "crates/grove-ops/src/roots.rs",
      "line": 436,
      "node": "crates/grove-ops"
    },
    "test-reachability": {
      "file": "crates/grove-ops/tests/harness_meta.rs",
      "line": 152,
      "node": "crates/grove-ops"
    },
    "trunk-recovery-guard": {
      "file": "crates/grove-ops/src/roots.rs",
      "line": 391,
      "node": "crates/grove-ops"
    },
    "unauthenticated-api": {
      "file": "crates/grove-daemon/src/guard.rs",
      "line": 31,
      "node": "crates/grove-daemon"
    },
    "wire-error-codes": {
      "file": "crates/grove-ops/src/error.rs",
      "line": 48,
      "node": "crates/grove-ops"
    },
    "worktree-depth": {
      "file": "crates/grove-ops/src/pool.rs",
      "line": 59,
      "node": "crates/grove-ops"
    }
  },
  "nodes": {
    ".config": {
      "budget": null,
      "claims": [
        {
          "anchor": "crates/grove-ops/tests/harness_meta.rs#the_slow_tier_is_configured_and_inhabited",
          "enforced_by": "crates/grove-ops/tests/harness_meta.rs",
          "id": "the-slow-tier-is-configured-and-inhabited",
          "kind": "invariant",
          "resolved": "crates/grove-ops/tests/harness_meta.rs:306",
          "text": "the slow tier is a NAMING convention enforced by a nextest filter — a test named slow_* is excluded by the default profile and included by ci — so a tier is visible at the call site and needs no registration; #[ignore] is forbidden, since an ignored test runs under neither profile",
          "verified": {
            "digest": "b88dbd8cbce1a83dbf77fa8fa0dfd128c1bcf224135fb13f1800c107672261e6",
            "sha": "d6a45a5b0e5193eec69d7cbd0e86a97032ab9775"
          }
        }
      ],
      "commands": {
        "test": "mise run test"
      },
      "contains": [],
      "declared": {
        "allow": [],
        "decided_by": [],
        "depends": []
      },
      "extracted": {
        "imports": []
      },
      "id": ".config",
      "kind": "container",
      "purpose": "nextest profiles. `default` (local + pre-commit) excludes the slow tier; `ci` (NEXTEST_PROFILE=ci) runs everything and reports slow tests. The tier is a `slow_` name prefix, not an attribute."
    },
    "/": {
      "budget": null,
      "claims": [
        {
          "anchor": "lm:files-authoritative",
          "enforced_by": null,
          "id": "files-authoritative",
          "kind": "invariant",
          "resolved": "crates/grove-ops/src/manifest.rs:277",
          "text": "files are authoritative — manifest.toml is desired state, git on disk is actual state, and there is no database; every daemon-held status, pool count and log line is a cache",
          "verified": {
            "digest": "2efc5fa864005d61dcf2d9222a5ac86597af3ce41be8f09ed71daf87fb7ba333",
            "sha": "d6a45a5b0e5193eec69d7cbd0e86a97032ab9775"
          }
        },
        {
          "anchor": "lm:push-only",
          "enforced_by": "crates/grove-daemon/tests/engine.rs",
          "id": "push-only",
          "kind": "invariant",
          "resolved": "crates/grove-daemon/src/engine/mod.rs:323",
          "text": "push-based convergence, no timers — an engine picks its next background op on an event, and a failure waits for the next event rather than a retry clock (the sanctioned exception carries its own invariant: crates/grove/cli-health-poll)",
          "verified": {
            "digest": "4bd3cd269614c5f57821636b0e884fdf2e11010a94c6b62a229d44726f9c4453",
            "sha": "d6a45a5b0e5193eec69d7cbd0e86a97032ab9775"
          }
        },
        {
          "anchor": "lm:single-realizer",
          "enforced_by": null,
          "id": "single-realizer",
          "kind": "invariant",
          "resolved": "crates/grove/src/commands.rs:35",
          "text": "one realizer, ever — declaration is universal, but realization belongs to a reachable daemon and to the CLI only when none answers; a daemon that connects but does not answer is still a realizer, so the CLI declares and stops rather than racing it into a dual clone",
          "verified": {
            "digest": "7b39307854f0b3fd5a549ab4398f85c3744895f5a318f6556a4fdc7cd6e19fde",
            "sha": "d6a45a5b0e5193eec69d7cbd0e86a97032ab9775"
          }
        },
        {
          "anchor": "lm:status-is-a-cache",
          "enforced_by": "crates/grove-daemon/tests/engine.rs",
          "id": "status-is-a-cache",
          "kind": "invariant",
          "resolved": "crates/grove-daemon/src/engine/status.rs:52",
          "text": "reactivation is a cold boot — engine status is never persisted and is re-derived from disk, so the daemon may be killed and restarted with only the filesystem intact",
          "verified": {
            "digest": "fbf8ce1366a7a22bf5c8164168f03a5316909c0a69b0e524c1c653e5d44d98dc",
            "sha": "d6a45a5b0e5193eec69d7cbd0e86a97032ab9775"
          }
        }
      ],
      "commands": {
        "check": "mise run check",
        "setup": "mise run setup",
        "smoke": "mise run smoke",
        "test": "mise run test"
      },
      "contains": [
        ".config",
        "contracts",
        "crates",
        "docs",
        "scripts",
        "test"
      ],
      "declared": {
        "allow": [],
        "decided_by": [],
        "depends": []
      },
      "extracted": {
        "imports": []
      },
      "id": "/",
      "kind": "system",
      "purpose": "Cultivates git worktrees: manifest.toml declares desired state, git on disk is actual, grove converges them additively. One Rust workspace, one binary — `grove serve` is the daemon."
    },
    "contracts": {
      "budget": null,
      "claims": [
        {
          "anchor": "crates/grove-api/tests/wire_vocab.rs#wire_vocab_matches_fixture",
          "enforced_by": "crates/grove-api/tests/wire_vocab.rs",
          "id": "wire-vocab-matches-fixture",
          "kind": "invariant",
          "resolved": "crates/grove-api/tests/wire_vocab.rs:331",
          "text": "wire-vocab.json is a generated projection of the producing types (grove-ops for the operation vocabularies, grove-api for the HTTP ones), never hand-edited; the snapshot test fails on any drift, forcing a deliberate re-bless (BLESS_WIRE=1) plus a regen on each consuming side",
          "verified": {
            "digest": "66b82f0d7336f6457a42a5c616493c06e2dd924914bfe319828249838db8767f",
            "sha": "d6a45a5b0e5193eec69d7cbd0e86a97032ab9775"
          }
        }
      ],
      "commands": {},
      "contains": [],
      "declared": {
        "allow": [],
        "decided_by": [],
        "depends": []
      },
      "extracted": {
        "imports": []
      },
      "id": "contracts",
      "kind": "container",
      "purpose": "wire-vocab.json: every status string, error code, event name and payload field name on the HTTP surface, generated from the producing Rust types. Grove-side drift detection only: no consumer reads it."
    },
    "crates": {
      "budget": null,
      "claims": [],
      "commands": {
        "check": "mise run check",
        "test": "mise run test"
      },
      "contains": [
        "crates/grove",
        "crates/grove-api",
        "crates/grove-daemon",
        "crates/grove-ops"
      ],
      "declared": {
        "allow": [],
        "decided_by": [],
        "depends": []
      },
      "extracted": {
        "imports": []
      },
      "id": "crates",
      "kind": "container",
      "purpose": "The Cargo workspace: grove-ops (domain), grove-api (HTTP contract), grove-daemon (tokio/axum resident), grove (CLI + `grove serve` + self-update). Edition 2024, unsafe forbidden."
    },
    "crates/grove": {
      "budget": null,
      "claims": [
        {
          "anchor": "lm:apply-is-ungated",
          "enforced_by": null,
          "id": "apply-is-ungated",
          "kind": "hazard",
          "resolved": "crates/grove/src/commands.rs:329",
          "text": "`grove apply` is UNGATED, not safe: it is the only realizing command that never probes GET /api/health, so with a daemon up it reconciles every root off any lane while that root's engine may be inside the same call, racing git's locks. The gated path to the same convergence is `grove clone add` / POST /api/roots/reconcile.",
          "verified": {
            "digest": "8af2635d5d289a2cc99fbb22306ed94f7bae9f214d70b027c9df55e89a2d6b63",
            "sha": "d6a45a5b0e5193eec69d7cbd0e86a97032ab9775"
          }
        },
        {
          "anchor": "lm:busy-refuses-destructive",
          "enforced_by": null,
          "id": "busy-refuses-destructive",
          "kind": "invariant",
          "resolved": "crates/grove/src/commands.rs:69",
          "text": "a busy daemon REFUSES rather than guessing, at exit 4, wherever there is no declare-only half to fall back on: a remove, since deleting in-process races the realizer and undeclaring alone leaves the bare for adopt to resurrect, and `grove sync`, which is a git write on the root and not a declaration at all",
          "verified": {
            "digest": "b43d174ebda27754dd18d37c8aaa828e0c41de0820ac55da6010e3d3f085c320",
            "sha": "d6a45a5b0e5193eec69d7cbd0e86a97032ab9775"
          }
        },
        {
          "anchor": "lm:cli-health-poll",
          "enforced_by": null,
          "id": "cli-health-poll",
          "kind": "invariant",
          "resolved": "crates/grove/src/server.rs:489",
          "text": "`grove up`/`grove on` poll GET /api/health in a loop until ready — the sanctioned exception to the push-only rule: a one-shot CLI has no channel for the daemon it spawned to push readiness back",
          "verified": {
            "digest": "2141ca7e3f79f128a601adebf8aede2be9c1b3143ef477b33705d76bb906c286",
            "sha": "d6a45a5b0e5193eec69d7cbd0e86a97032ab9775"
          }
        },
        {
          "anchor": "crates/grove/src/error.rs#exit_code",
          "enforced_by": null,
          "id": "exit-code",
          "kind": "invariant",
          "resolved": "crates/grove/src/error.rs:27",
          "text": "exit codes 1/3/4/5/6/7 are a published contract, and the grove_ops::Error to CliError map is what makes the offline codes reachable; an error envelope from the server is exit 1 carrying its code, its message AND error.data's detail, since two of the codes say nothing else",
          "verified": {
            "digest": "9aed280569ba42f2ff2073c2abee1bb988806d6feedb6eefdd87911005195f9a",
            "sha": "d6a45a5b0e5193eec69d7cbd0e86a97032ab9775"
          }
        },
        {
          "anchor": "lm:pending-marker",
          "enforced_by": "crates/grove/tests/update_e2e.rs",
          "id": "pending-marker",
          "kind": "invariant",
          "resolved": "crates/grove/src/update/layout.rs:178",
          "text": "the pending marker names the version AND the direction, written before `current` moves and cleared when the gate answers — so the next `grove up` can tell an unproven forward flip (undo it) from an interrupted rollback (already on the proven version; re-run its gate)",
          "verified": {
            "digest": "7cd867218a3cb178f0f89b4f7b53082f9e1c744335108ceaed47a76af27c9d97",
            "sha": "d6a45a5b0e5193eec69d7cbd0e86a97032ab9775"
          }
        },
        {
          "anchor": "lm:reachability-tri-state",
          "enforced_by": null,
          "id": "reachability-tri-state",
          "kind": "invariant",
          "resolved": "crates/grove/src/api.rs:129",
          "text": "only a connection-level failure means `no daemon`; a timeout or any other post-connect error is a daemon that exists and is slow, and must never trigger in-process realization",
          "verified": {
            "digest": "3bbe07977f0370406727592d1d2285000b3a6ba027e75417a9125c46ec7ecd15",
            "sha": "d6a45a5b0e5193eec69d7cbd0e86a97032ab9775"
          }
        },
        {
          "anchor": "lm:self-update-flip",
          "enforced_by": "crates/grove/tests/update_e2e.rs",
          "id": "self-update-flip",
          "kind": "hazard",
          "resolved": "crates/grove/src/update/mod.rs:245",
          "text": "`grove up` flips the `current` symlink BEFORE the health gate — unavoidable, since served mode restarts whatever `current` points at. A crash in between strands `current` on an unproven version; recovery is the pending marker, read by the next `grove up`.",
          "verified": {
            "digest": "2d0abfe794db4b9b11e392a9cbe9f24f252c4b48f830e2951d8c01b66543bb9d",
            "sha": "d6a45a5b0e5193eec69d7cbd0e86a97032ab9775"
          }
        },
        {
          "anchor": "crates/grove/src/api.rs#serves_another_home",
          "enforced_by": null,
          "id": "serves-another-home",
          "kind": "invariant",
          "resolved": "crates/grove/src/api.rs:152",
          "text": "a daemon whose GET /api/health names a DIFFERENT home than the client was pointed at is not this home's realizer and reads as offline — GROVE_HOME and GROVE_BIND resolve independently, so without the identity on the wire a client scoped to one home delegates a destructive op to whatever answers the default bind and it is executed against the daemon's home",
          "verified": {
            "digest": "5bd997377075ac758e5c7068915a36fa6fd114608aca310d5f841f869e8f0e06",
            "sha": "d6a45a5b0e5193eec69d7cbd0e86a97032ab9775"
          }
        }
      ],
      "commands": {
        "test": "mise exec -- cargo nextest run -p grove"
      },
      "contains": [],
      "declared": {
        "allow": [],
        "decided_by": [],
        "depends": [
          "crates/grove-api",
          "crates/grove-daemon",
          "crates/grove-ops"
        ]
      },
      "extracted": {
        "imports": [
          "crates/grove-api",
          "crates/grove-daemon",
          "crates/grove-ops"
        ]
      },
      "id": "crates/grove",
      "kind": "component",
      "purpose": "The CLI and the single shipped binary: the clap tree, the single-realizer gate, the API client, process custody (on/off/reboot), self-update, and `grove serve`, which runs the daemon in-process."
    },
    "crates/grove-api": {
      "budget": null,
      "claims": [
        {
          "anchor": "lm:api-envelope",
          "enforced_by": null,
          "id": "api-envelope",
          "kind": "invariant",
          "resolved": "crates/grove-api/src/envelope.rs:30",
          "text": "the envelope is tagged on its `ok` boolean, never on which of data/error is present, and error.data survives the round trip typed — a body that disagrees with its own tag is a decode error",
          "verified": {
            "digest": "a3505b7dd0c8419b3b51934100cb69735ffa3fa23b7083ab8e9b8f318b5f42f8",
            "sha": "d6a45a5b0e5193eec69d7cbd0e86a97032ab9775"
          }
        },
        {
          "anchor": "crates/grove-api/src/policy.rs#classify_error",
          "enforced_by": null,
          "id": "classify-error",
          "kind": "invariant",
          "resolved": "crates/grove-api/src/policy.rs:75",
          "text": "the terminal/transient partition over grove_ops::Error is a total match with no catch-all, so a new error category stops the build until it is classified",
          "verified": {
            "digest": "39506fe65e84ab831a62e0e1191b1321ca30b7b611c3d53f86c403e9e54f64ca",
            "sha": "d6a45a5b0e5193eec69d7cbd0e86a97032ab9775"
          }
        }
      ],
      "commands": {
        "bless-wire": "BLESS_WIRE=1 mise exec -- cargo test -p grove-api",
        "test": "mise exec -- cargo nextest run -p grove-api"
      },
      "contains": [],
      "declared": {
        "allow": [],
        "decided_by": [],
        "depends": [
          "crates/grove-ops"
        ]
      },
      "extracted": {
        "imports": [
          "crates/grove-ops"
        ]
      },
      "id": "crates/grove-api",
      "kind": "component",
      "purpose": "The shared HTTP contract both ends compile against: the one envelope serializer, every route body, the typed vocabularies, and the engine policy curations. Snapshotted to contracts/wire-vocab.json."
    },
    "crates/grove-daemon": {
      "budget": null,
      "claims": [
        {
          "anchor": "lm:boot-degrade-sticky",
          "enforced_by": null,
          "id": "boot-degrade-sticky",
          "kind": "hazard",
          "resolved": "crates/grove-daemon/src/boot.rs:68",
          "text": "a degrade is STICKY: mark_ready never clears it, only a fresh process does. A boot-time degrade must survive the unconditional post-boot ready signal, or the self-update health gate would accept the bundle that broke it.",
          "verified": {
            "digest": "ef2139e0be9b37ddf02c9443fd4ccdf498eb10168b368d0c44dfac41162c1750",
            "sha": "d6a45a5b0e5193eec69d7cbd0e86a97032ab9775"
          }
        },
        {
          "anchor": "crates/grove-daemon/src/app.rs#DEFAULT_DRAIN",
          "enforced_by": "crates/grove-daemon/tests/drain.rs",
          "id": "default-drain",
          "kind": "invariant",
          "resolved": "crates/grove-daemon/src/app.rs:40",
          "text": "the graceful drain is BOUNDED — open responses first, then lane work, on one budget under the CLI's stop grace — because an SSE response finishes only when its body is written and one peer that stopped reading would otherwise hold every stop open until SIGTERM",
          "verified": {
            "digest": "ec6308359e0abeb405da6b0f300233cd5c8fc5e8ff4f5216c5249df9088d220c",
            "sha": "d6a45a5b0e5193eec69d7cbd0e86a97032ab9775"
          }
        },
        {
          "anchor": "lm:loopback-bind-gate",
          "enforced_by": null,
          "id": "loopback-bind-gate",
          "kind": "invariant",
          "resolved": "crates/grove-daemon/src/config.rs:200",
          "text": "the daemon binds only a LITERAL loopback address and refuses a hostname rather than resolving it; there is no override, and the gate runs again at bind so a hand-built Config cannot slip past it",
          "verified": {
            "digest": "8a2d11c743fad6f1aad925953674387b2950cb16240910edeae3f28791ef742e",
            "sha": "d6a45a5b0e5193eec69d7cbd0e86a97032ab9775"
          }
        },
        {
          "anchor": "lm:mutation-guard",
          "enforced_by": "crates/grove-daemon/tests/http_contract.rs",
          "id": "mutation-guard",
          "kind": "invariant",
          "resolved": "crates/grove-daemon/src/guard.rs:66",
          "text": "the mutation guard allows a state-changing request only with NO Origin (every non-browser client) or an Origin whose host is in a FIXED loopback set — never the request's own Host, which is what makes it a DNS-rebinding defense",
          "verified": {
            "digest": "39a5d5e343f2e2a69809bb83087ba8af4e61fb8594d0dadd484ae7cc6aa48276",
            "sha": "d6a45a5b0e5193eec69d7cbd0e86a97032ab9775"
          }
        },
        {
          "anchor": "crates/grove-daemon/src/engine/status.rs#next_status",
          "enforced_by": null,
          "id": "next-status",
          "kind": "invariant",
          "resolved": "crates/grove-daemon/src/engine/status.rs:53",
          "text": "the status transition table is the one place a root's status changes: disk-ready always wins upward, a Derive preserves the driver-owned cloning/degraded transients, and a ReconcileError trusts disk plainly so no stale transient is stranded",
          "verified": {
            "digest": "fbf8ce1366a7a22bf5c8164168f03a5316909c0a69b0e524c1c653e5d44d98dc",
            "sha": "d6a45a5b0e5193eec69d7cbd0e86a97032ab9775"
          }
        },
        {
          "anchor": "lm:per-root-lane",
          "enforced_by": null,
          "id": "per-root-lane",
          "kind": "invariant",
          "resolved": "crates/grove-daemon/src/lane.rs:172",
          "text": "every git-writing op for a root runs on that root's lane — reconcile (the warm-slot promote included), sync, fill, remove, worktree ops and doctor's converge — with three tiers draining foreground before read before background and no preemption of an op already running",
          "verified": {
            "digest": "510b1e0f0df004a2fcdb9fa1be86f57dd14104e539f89168ec0fd7101b586abe",
            "sha": "d6a45a5b0e5193eec69d7cbd0e86a97032ab9775"
          }
        },
        {
          "anchor": "lm:readiness-whitelist",
          "enforced_by": "crates/grove-daemon/tests/http_contract.rs",
          "id": "readiness-whitelist",
          "kind": "invariant",
          "resolved": "crates/grove-daemon/src/guard.rs:21",
          "text": "the readiness gate 503s every non-whitelisted /api route while draining or degraded; the whitelist is exactly /api/health and /api/daemon/shutdown, so state stays observable and a stop request stays reachable",
          "verified": {
            "digest": "d5c34db0fa438e03cc1915550de24fb2c1d721e81f54fa40d5c44545c8f93c5f",
            "sha": "d6a45a5b0e5193eec69d7cbd0e86a97032ab9775"
          }
        },
        {
          "anchor": "crates/grove-daemon/src/engine/mod.rs#spawn_permit_waiter",
          "enforced_by": null,
          "id": "spawn-permit-waiter",
          "kind": "invariant",
          "resolved": "crates/grove-daemon/src/engine/mod.rs:721",
          "text": "a clone permit is TRIED at the head of a root's lane and never waited for there: waiting dispatch-side would hold a permit against roots whose lanes are free, and waiting inside the lane job holds the lane, so a handful of stalled clones would shed every other root's snapshot reads as unavailable while health still says ready. Failing the try, the job returns the lane at once and an off-lane waiter pokes the driver when a permit frees",
          "verified": {
            "digest": "cd54f165da7b1dd82ce923b880f622165d652c4bf96de58c36cb85db6bf13de1",
            "sha": "d6a45a5b0e5193eec69d7cbd0e86a97032ab9775"
          }
        },
        {
          "anchor": "crates/grove-daemon/src/routes.rs#sync",
          "enforced_by": "crates/grove-daemon/tests/http_contract.rs",
          "id": "sync",
          "kind": "invariant",
          "resolved": "crates/grove-daemon/src/routes.rs:151",
          "text": "POST /api/roots/sync is ACCEPT-ONLY and takes no lane of its own: it answers {sync: accepted} once the root's engine has recorded the request, so a burst coalesces through the engine's single background slot, and completion is observed on root_sync_changed / the snapshot's syncing+sync_note rather than returned. Declaredness is read off the manifest first (404), and a declared root no engine is driving is 503 — acknowledging there would be a request nothing recorded and a root_sync_changed no client ever sees",
          "verified": {
            "digest": "458576badf52e81e4ddc0973dacff48cf3eac1510d6f22a3a2727dcdc58dbb13",
            "sha": "d6a45a5b0e5193eec69d7cbd0e86a97032ab9775"
          }
        },
        {
          "anchor": "lm:unauthenticated-api",
          "enforced_by": null,
          "id": "unauthenticated-api",
          "kind": "hazard",
          "resolved": "crates/grove-daemon/src/guard.rs:31",
          "text": "the mutating API is UNAUTHENTICATED until served-mode auth lands; the loopback bind gate, the readiness gate and this fixed cross-origin allowlist are the whole of the compensating control, and another app already on a loopback port can still present a loopback origin",
          "verified": {
            "digest": "5ef29b9294becba41a7b7d6322661d47d8e9bbccb36a60c741fa3c6b4fd52f72",
            "sha": "d6a45a5b0e5193eec69d7cbd0e86a97032ab9775"
          }
        }
      ],
      "commands": {
        "test": "mise exec -- cargo nextest run -p grove-daemon"
      },
      "contains": [],
      "declared": {
        "allow": [],
        "decided_by": [],
        "depends": [
          "crates/grove-api",
          "crates/grove-ops"
        ]
      },
      "extracted": {
        "imports": [
          "crates/grove-api",
          "crates/grove-ops"
        ]
      },
      "id": "crates/grove-daemon",
      "kind": "component",
      "purpose": "The resident half: axum routes, boot state, the readiness and mutation guards, per-root lanes, the convergence engines, the manifest watcher, the event bus and log ring, the SSE read surface."
    },
    "crates/grove-ops": {
      "budget": null,
      "claims": [
        {
          "anchor": "lm:clock-seam",
          "enforced_by": "crates/grove-ops/tests/harness_meta.rs",
          "id": "clock-seam",
          "kind": "invariant",
          "resolved": "crates/grove-ops/tests/harness_meta.rs:354",
          "text": "every wall-clock read goes through the clock seam — Instant::now() appears only in grove_ops::clock, and budgets are absolute Deadlines rather than Durations re-based at each layer",
          "verified": {
            "digest": "8124d2a64bb266f5aa40d99b13feef24e2bb070a56603baee1e856e8c502a494",
            "sha": "d6a45a5b0e5193eec69d7cbd0e86a97032ab9775"
          }
        },
        {
          "anchor": "crates/grove-ops/src/worktrees.rs#create",
          "enforced_by": null,
          "id": "create",
          "kind": "invariant",
          "resolved": "crates/grove-ops/src/worktrees.rs:68",
          "text": "the warm pool is claimed by the realizer, not by a caller: worktrees::create and worktrees::reconcile both promote a slot before cold-checking-out, so every path that realizes a declared worktree redeems the pool; and convergence runs both ways, fill adding a slot below target and reclaim giving the highest one back above it",
          "verified": {
            "digest": "770de6e4d090951c5850de971356fc1554073b88fb4854adc878a25b2423a384",
            "sha": "d6a45a5b0e5193eec69d7cbd0e86a97032ab9775"
          }
        },
        {
          "anchor": "lm:delete-before-undeclare",
          "enforced_by": null,
          "id": "delete-before-undeclare",
          "kind": "invariant",
          "resolved": "crates/grove-ops/src/roots.rs:119",
          "text": "an explicit root removal deletes on disk BEFORE it undeclares — undeclaring first lets the watcher's adopt re-find the still-present bare and resurrect the root; a partial delete propagates before the undeclare, so the slug stays declared and visibly broken",
          "verified": {
            "digest": "761617404e4804c476e44510d536e0f5e7264ec8d84b8bb52c4441e3a1981a83",
            "sha": "d6a45a5b0e5193eec69d7cbd0e86a97032ab9775"
          }
        },
        {
          "anchor": "lm:lane-is-callers",
          "enforced_by": null,
          "id": "lane-is-callers",
          "kind": "hazard",
          "resolved": "crates/grove-ops/src/env.rs:120",
          "text": "this crate holds NO per-root mutex: its flock serializes the manifest, deliberately not git. Per-root git serialization is the caller's to supply, and a concurrent caller that does not supply it loses an invariant this crate was written against.",
          "verified": {
            "digest": "517e64b94d939f3d0c39d05634734617afcee04e29a5b517e77e27cfbf54b547",
            "sha": "d6a45a5b0e5193eec69d7cbd0e86a97032ab9775"
          }
        },
        {
          "anchor": "lm:never-clobber",
          "enforced_by": null,
          "id": "never-clobber",
          "kind": "invariant",
          "resolved": "crates/grove-ops/src/env.rs:250",
          "text": "a share never destroys a human's or agent's file — only a symlink pointing under .trunk is grove's own and may be repointed or GC'd; a real file, a directory or a foreign symlink is a reported conflict, and --fix backs it up before linking",
          "verified": {
            "digest": "9533f19d2de3997ef12ecc6c0c7e2cc40b8f54e31c87e4f708ee287d467914c5",
            "sha": "d6a45a5b0e5193eec69d7cbd0e86a97032ab9775"
          }
        },
        {
          "anchor": "lm:promote-attach-before-move",
          "enforced_by": null,
          "id": "promote-attach-before-move",
          "kind": "invariant",
          "resolved": "crates/grove-ops/src/pool.rs:159",
          "text": "promote attaches the branch IN the slot before the move, so any worktree that ever reaches the user path carries a branch and an interrupted promote is adoptable rather than a stranded detached orphan",
          "verified": {
            "digest": "58efa71d5910fb1676792ff7063df5560b57c74a31607285ec58f6ac12ebf39e",
            "sha": "d6a45a5b0e5193eec69d7cbd0e86a97032ab9775"
          }
        },
        {
          "anchor": "lm:reconcile-additive",
          "enforced_by": null,
          "id": "reconcile-additive",
          "kind": "invariant",
          "resolved": "crates/grove-ops/src/worktrees.rs:227",
          "text": "worktree reconcile is two-way and additive and never deletes: create declared-but-missing, adopt in-git-but-undeclared, prune only git-level ghosts whose working tree is already gone",
          "verified": {
            "digest": "1e8ca80df6af265e0ec6de4ad6e18440074559e84a2947481c3c5f6d25c10795",
            "sha": "d6a45a5b0e5193eec69d7cbd0e86a97032ab9775"
          }
        },
        {
          "anchor": "lm:sync-never-forces",
          "enforced_by": null,
          "id": "sync-never-forces",
          "kind": "invariant",
          "resolved": "crates/grove-ops/src/roots.rs:436",
          "text": "a trunk carrying local commits or dirty tracked files is never forced — sync reports diverged/dirty and stops",
          "verified": {
            "digest": "e38a74d2da2ee87149f5e723f91178ae576b1338a5ba5fec80eeeb560227b407",
            "sha": "d6a45a5b0e5193eec69d7cbd0e86a97032ab9775"
          }
        },
        {
          "anchor": "lm:trunk-recovery-guard",
          "enforced_by": null,
          "id": "trunk-recovery-guard",
          "kind": "invariant",
          "resolved": "crates/grove-ops/src/roots.rs:391",
          "text": "a root whose .trunk vanished out of band is REPAIRED by re-adding the worktree from the bare already on disk, never by wiping the root directory; a re-clone is the last resort, refused when any other live worktree hangs off the bare (grove's own pool slots excluded by path) and refused again when the root directory holds anything that is not grove's own",
          "verified": {
            "digest": "bf75f2d9e192852672bbf699862cdd328c6c3b332d5511c8bdc764639e996058",
            "sha": "d6a45a5b0e5193eec69d7cbd0e86a97032ab9775"
          }
        },
        {
          "anchor": "crates/grove-ops/src/roots.rs#unsaved_work",
          "enforced_by": null,
          "id": "unsaved-work",
          "kind": "invariant",
          "resolved": "crates/grove-ops/src/roots.rs:158",
          "text": "a root removal refuses an UNDECLARED slug before any path reaches remove_dir_all, and refuses a declared one holding uncommitted tracked changes or unpushed commits unless the caller forces — <home>/code/<slug> is a real directory whether or not grove put it there, and the command that deletes N worktrees at once must not protect less than the one that deletes one",
          "verified": {
            "digest": "b929e9fccc225f00d1f2870e34d4bb6063ac3114a97d531e02309c4f7da1f192",
            "sha": "d6a45a5b0e5193eec69d7cbd0e86a97032ab9775"
          }
        },
        {
          "anchor": "lm:wire-error-codes",
          "enforced_by": "crates/grove-api/tests/wire_vocab.rs",
          "id": "wire-error-codes",
          "kind": "invariant",
          "resolved": "crates/grove-ops/src/error.rs:48",
          "text": "every op failure carries one of seven stable snake_case codes (not_declared | not_ready | invalid_input | conflict | network | git | io); the daemon's engine reads the category to tell a terminal failure from a transient one",
          "verified": {
            "digest": "74f0d74c5c6033865a48416aac6dac78179fe16a8935d73ff6181bf8a5f93d92",
            "sha": "d6a45a5b0e5193eec69d7cbd0e86a97032ab9775"
          }
        },
        {
          "anchor": "lm:worktree-depth",
          "enforced_by": null,
          "id": "worktree-depth",
          "kind": "invariant",
          "resolved": "crates/grove-ops/src/pool.rs:59",
          "text": "worktree depth is load-bearing: every worktree is a direct sibling of .trunk and shares materialize only at that depth, so pool.fill adds a slot one level deeper and materializes nothing",
          "verified": {
            "digest": "c98d743b753b116dfd0e5494ef5ad7373d0088d099a8af0e223e02c4a7796dcd",
            "sha": "d6a45a5b0e5193eec69d7cbd0e86a97032ab9775"
          }
        }
      ],
      "commands": {
        "test": "mise exec -- cargo nextest run -p grove-ops"
      },
      "contains": [],
      "declared": {
        "allow": [],
        "decided_by": [],
        "depends": []
      },
      "extracted": {
        "imports": []
      },
      "id": "crates/grove-ops",
      "kind": "component",
      "purpose": "The domain layer, library only: manifest, git, roots, worktrees, pool, shares (env), doctor, the clock seam and the wire vocabulary. Everyone with local filesystem access calls it in-process."
    },
    "docs": {
      "budget": null,
      "claims": [
        {
          "anchor": "lm:doc-gate",
          "enforced_by": null,
          "id": "doc-gate",
          "kind": "invariant",
          "resolved": "docs/architecture.md:3",
          "text": "these docs describe the system that exists — no migration copy, no `previously`, no decision narrative — and a change that invalidates a claim fixes the doc in the same commit; the stele gate catches a lost anchor and lock drift outright, and leashes a doc claim by churn, so re-reading is owed on a schedule rather than left to notice",
          "verified": {
            "digest": null,
            "sha": "d6a45a5b0e5193eec69d7cbd0e86a97032ab9775"
          }
        }
      ],
      "commands": {},
      "contains": [],
      "declared": {
        "allow": [],
        "decided_by": [],
        "depends": []
      },
      "extracted": {
        "imports": []
      },
      "id": "docs",
      "kind": "container",
      "purpose": "Present-tense description of the shipped system: architecture, engine, worktrees, worktree-environment, api, updates, deployment. History is in git."
    },
    "scripts": {
      "budget": null,
      "claims": [
        {
          "anchor": "lm:install-hands-off-to-grove-up",
          "enforced_by": "test/install_smoke.sh",
          "id": "install-hands-off-to-grove-up",
          "kind": "invariant",
          "resolved": "scripts/install.sh:44",
          "text": "install.sh is a thin bootstrap — platform detect, resolve the release, stage the bundle and its sha256 sidecar into a directory — and then hands off to `grove up`, which owns every mutation of the versioned-dir layout",
          "verified": {
            "digest": null,
            "sha": "d6a45a5b0e5193eec69d7cbd0e86a97032ab9775"
          }
        }
      ],
      "commands": {
        "smoke": "mise run smoke"
      },
      "contains": [],
      "declared": {
        "allow": [],
        "decided_by": [],
        "depends": []
      },
      "extracted": {
        "imports": []
      },
      "id": "scripts",
      "kind": "container",
      "purpose": "Install, uninstall, and the release line: release.sh packs this box's bundle, publish-canary.sh ships a host-only prerelease, install.sh stages a release and hands off to `grove up`."
    },
    "test": {
      "budget": null,
      "claims": [
        {
          "anchor": "lm:test-reachability",
          "enforced_by": "crates/grove-ops/tests/harness_meta.rs",
          "id": "test-reachability",
          "kind": "invariant",
          "resolved": "crates/grove-ops/tests/harness_meta.rs:152",
          "text": "every test file in this tree is reachable from `mise run test`, and CI runs exactly that gate — a test parked where no gate runs it fails the meta-check with instructions rather than rotting unnoticed",
          "verified": {
            "digest": "7f130c79d599d27bae54264dc4464c1931b16c50c5a18c4dacfd2d0d6fffc998",
            "sha": "d6a45a5b0e5193eec69d7cbd0e86a97032ab9775"
          }
        },
        {
          "anchor": "crates/grove-ops/tests/harness_meta.rs#the_install_smoke_links_only_inside_its_own_home",
          "enforced_by": "crates/grove-ops/tests/harness_meta.rs",
          "id": "the-install-smoke-links-only-inside-its-own-home",
          "kind": "invariant",
          "resolved": "crates/grove-ops/tests/harness_meta.rs:272",
          "text": "the install smoke links only inside its own GROVE_HOME, so a run can never plant a symlink in the operator's real PATH directories",
          "verified": {
            "digest": "c000003ee99d905ebb40e3d335325ef5a3197393a7fcffb4b56756706ac6f46c",
            "sha": "d6a45a5b0e5193eec69d7cbd0e86a97032ab9775"
          }
        }
      ],
      "commands": {
        "smoke": "mise run smoke"
      },
      "contains": [],
      "declared": {
        "allow": [],
        "decided_by": [],
        "depends": []
      },
      "extracted": {
        "imports": []
      },
      "id": "test",
      "kind": "container",
      "purpose": "The one test in this tree that is not a cargo target: install_smoke.sh drives install.sh and uninstall.sh as an operator would, hermetically, against a fixture release."
    }
  },
  "version": 1
}
